
Microsoft Visual Studio Solution File, Format Version 12.00
# Visual Studio Version 16
VisualStudioVersion = 16.0.30011.22
MinimumVisualStudioVersion = 10.0.40219.1
Project("{9A19103F-16F7-4668-BE54-9A1E7A4F7556}") = "MoneyMachine", "YahooFinance\MoneyMachine.csproj", "{58D8783E-9985-431E-AE91-96D9308BF341}"
EndProject
Global
	GlobalSection(SolutionConfigurationPlatforms) = preSolution
		Debug|Any CPU = Debug|Any CPU
		Release|Any CPU = Release|Any CPU
	EndGlobalSection
	GlobalSection(ProjectConfigurationPlatforms) = postSolution
		{58D8783E-9985-431E-AE91-96D9308BF341}.Debug|Any CPU.ActiveCfg = Debug|Any CPU
		{58D8783E-9985-431E-AE91-96D9308BF341}.Debug|Any CPU.Build.0 = Debug|Any CPU
		{58D8783E-9985-431E-AE91-96D9308BF341}.Release|Any CPU.ActiveCfg = Release|Any CPU
		{58D8783E-9985-431E-AE91-96D9308BF341}.Release|Any CPU.Build.0 = Release|Any CPU
	EndGlobalSection
	GlobalSection(SolutionProperties) = preSolution
		HideSolutionNode = FALSE
	EndGlobalSection
	GlobalSection(ExtensibilityGlobals) = postSolution
		SolutionGuid = {E4DDF466-1E28-4268-97CD-3852B6F82C82}
	EndGlobalSection
EndGlobal
